// !$*UTF8*$!
{
	archiveVersion = 1;
	classes = {
	};
	objectVersion = 46;
	objects = {

/* Begin PBXBuildFile section */
		FA231B3817D064F700B9C5C8 /* UIView+Genie.m in Sources */ = {isa = PBXBuildFile; fileRef = FA231B3717D064F700B9C5C8 /* UIView+Genie.m */; };
		FA231B3917D06AA400B9C5C8 /* ViewController.m in Sources */ = {isa = PBXBuildFile; fileRef = FAE9B0E517698F92007BC364 /* ViewController.m */; };
		FA25E609178A831B00423752 /* leaf.png in Resources */ = {isa = PBXBuildFile; fileRef = FA25E607178A831B00423752 /* leaf.png */; };
		FA25E60A178A831B00423752 /* leaf@2x.png in Resources */ = {isa = PBXBuildFile; fileRef = FA25E608178A831B00423752 /* leaf@2x.png */; };
		FA25E60C178A854700423752 /* quill.png in Resources */ = {isa = PBXBuildFile; fileRef = FA25E60B178A854700423752 /* quill.png */; };
		FA25E60F178A864C00423752 /* love.png in Resources */ = {isa = PBXBuildFile; fileRef = FA25E60D178A864C00423752 /* love.png */; };
		FA25E610178A864C00423752 /* love@2x.png in Resources */ = {isa = PBXBuildFile; fileRef = FA25E60E178A864C00423752 /* love@2x.png */; };
		FA29CAD11786A66900452B91 /* UIHelper.m in Sources */ = {isa = PBXBuildFile; fileRef = FA29CAD01786A66900452B91 /* UIHelper.m */; };
		FA2AA8D017854040000D63FC /* StoreKit.framework in Frameworks */ = {isa = PBXBuildFile; fileRef = FA2AA8CF17854040000D63FC /* StoreKit.framework */; };
		FA2AA8D417854075000D63FC /* IAPHelper.m in Sources */ = {isa = PBXBuildFile; fileRef = FA2AA8D317854075000D63FC /* IAPHelper.m */; };
		FA2AA8D7178540F8000D63FC /* HuixiangIAPHelper.m in Sources */ = {isa = PBXBuildFile; fileRef = FA2AA8D6178540F8000D63FC /* HuixiangIAPHelper.m */; };
		FA2AA8D9178551C8000D63FC /* icon.png in Resources */ = {isa = PBXBuildFile; fileRef = FA2AA8D8178551C7000D63FC /* icon.png */; };
		FA2AA8DB178551CD000D63FC /* icon@2x.png in Resources */ = {isa = PBXBuildFile; fileRef = FA2AA8DA178551CD000D63FC /* icon@2x.png */; };
		FA2AA8DE17855552000D63FC /* navbar.png in Resources */ = {isa = PBXBuildFile; fileRef = FA2AA8DC17855552000D63FC /* navbar.png */; };
		FA2AA8E117855781000D63FC /* pen-btn.png in Resources */ = {isa = PBXBuildFile; fileRef = FA2AA8E017855781000D63FC /* pen-btn.png */; };
		FA2AA8E317855889000D63FC /* navbar@2x.png in Resources */ = {isa = PBXBuildFile; fileRef = FA2AA8E217855889000D63FC /* navbar@2x.png */; };
		FA2AA8E517855CE6000D63FC /* Default.png in Resources */ = {isa = PBXBuildFile; fileRef = FA2AA8E417855CE6000D63FC /* Default.png */; };
		FA2AA8E717855CEE000D63FC /* Default@2x.png in Resources */ = {isa = PBXBuildFile; fileRef = FA2AA8E617855CEE000D63FC /* Default@2x.png */; };
		FA2AA8E917855D39000D63FC /* Default-568h@2x.png in Resources */ = {isa = PBXBuildFile; fileRef = FA2AA8E817855D38000D63FC /* Default-568h@2x.png */; };
		FA5133511782B1B00072FC1A /* iCarousel.m in Sources */ = {isa = PBXBuildFile; fileRef = FA5133501782B1B00072FC1A /* iCarousel.m */; };
		FA5133531782B2150072FC1A /* QuartzCore.framework in Frameworks */ = {isa = PBXBuildFile; fileRef = FA5133521782B2150072FC1A /* QuartzCore.framework */; };
		FA5133551782B3650072FC1A /* PieceView.xib in Resources */ = {isa = PBXBuildFile; fileRef = FA5133541782B3650072FC1A /* PieceView.xib */; };
		FA5133581782B3930072FC1A /* PieceView.m in Sources */ = {isa = PBXBuildFile; fileRef = FA5133571782B3930072FC1A /* PieceView.m */; };
		FA7F42811783BAB100AD26CB /* favorites.png in Resources */ = {isa = PBXBuildFile; fileRef = FA7F427F1783BAB100AD26CB /* favorites.png */; };
		FA7F42821783BAB100AD26CB /* favorites@2x.png in Resources */ = {isa = PBXBuildFile; fileRef = FA7F42801783BAB100AD26CB /* favorites@2x.png */; };
		FA7F42851783BAC200AD26CB /* heartAction.png in Resources */ = {isa = PBXBuildFile; fileRef = FA7F42831783BAC200AD26CB /* heartAction.png */; };
		FA7F42861783BAC200AD26CB /* heartAction@2x.png in Resources */ = {isa = PBXBuildFile; fileRef = FA7F42841783BAC200AD26CB /* heartAction@2x.png */; };
		FA7F42891783BAD100AD26CB /* settings.png in Resources */ = {isa = PBXBuildFile; fileRef = FA7F42871783BAD100AD26CB /* settings.png */; };
		FA7F428A1783BAD100AD26CB /* settings@2x.png in Resources */ = {isa = PBXBuildFile; fileRef = FA7F42881783BAD100AD26CB /* settings@2x.png */; };
		FA7F428D1783BB5C00AD26CB /* main.png in Resources */ = {isa = PBXBuildFile; fileRef = FA7F428B1783BB5C00AD26CB /* main.png */; };
		FA7F428E1783BB5C00AD26CB /* main@2x.png in Resources */ = {isa = PBXBuildFile; fileRef = FA7F428C1783BB5C00AD26CB /* main@2x.png */; };
		FA7F42921783BC6D00AD26CB /* SinaWeiboAuthViewController.m in Sources */ = {isa = PBXBuildFile; fileRef = FA7F42911783BC6D00AD26CB /* SinaWeiboAuthViewController.m */; };
		FA7F42971783BC7F00AD26CB /* SVProgressHUD.bundle in Resources */ = {isa = PBXBuildFile; fileRef = FA7F42941783BC7F00AD26CB /* SVProgressHUD.bundle */; };
		FA7F42981783BC7F00AD26CB /* SVProgressHUD.m in Sources */ = {isa = PBXBuildFile; fileRef = FA7F42961783BC7F00AD26CB /* SVProgressHUD.m */; };
		FA7F429D1783C46D00AD26CB /* tab.png in Resources */ = {isa = PBXBuildFile; fileRef = FA7F429B1783C46D00AD26CB /* tab.png */; };
		FA7F429E1783C46D00AD26CB /* tab@2x.png in Resources */ = {isa = PBXBuildFile; fileRef = FA7F429C1783C46D00AD26CB /* tab@2x.png */; };
		FA7F42A11783C99900AD26CB /* CollectionViewController.m in Sources */ = {isa = PBXBuildFile; fileRef = FA7F42A01783C99900AD26CB /* CollectionViewController.m */; };
		FA7F42A61783CB6A00AD26CB /* MessageUI.framework in Frameworks */ = {isa = PBXBuildFile; fileRef = FA7F42A51783CB6A00AD26CB /* MessageUI.framework */; };
		FA7F42AA1783DBA700AD26CB /* HMSideMenu.m in Sources */ = {isa = PBXBuildFile; fileRef = FA7F42A91783DBA700AD26CB /* HMSideMenu.m */; };
		FA7F42C71783DFFF00AD26CB /* email.png in Resources */ = {isa = PBXBuildFile; fileRef = FA7F42BF1783DFFF00AD26CB /* email.png */; };
		FA7F42C81783DFFF00AD26CB /* email@2x.png in Resources */ = {isa = PBXBuildFile; fileRef = FA7F42C01783DFFF00AD26CB /* email@2x.png */; };
		FA7F42CF1783EABF00AD26CB /* PieceCell.m in Sources */ = {isa = PBXBuildFile; fileRef = FA7F42CE1783EABF00AD26CB /* PieceCell.m */; };
		FA7F42D81783EDFE00AD26CB /* EGORefreshTableHeaderView.m in Sources */ = {isa = PBXBuildFile; fileRef = FA7F42D21783EDFD00AD26CB /* EGORefreshTableHeaderView.m */; settings = {COMPILER_FLAGS = "-fno-objc-arc"; }; };
		FA7F42D91783EDFE00AD26CB /* grayArrow.png in Resources */ = {isa = PBXBuildFile; fileRef = FA7F42D31783EDFD00AD26CB /* grayArrow.png */; };
		FA7F42DA1783EDFE00AD26CB /* grayArrow@2x.png in Resources */ = {isa = PBXBuildFile; fileRef = FA7F42D41783EDFD00AD26CB /* grayArrow@2x.png */; };
		FA7F42DB1783EDFE00AD26CB /* LoadingMoreFooterView.m in Sources */ = {isa = PBXBuildFile; fileRef = FA7F42D71783EDFE00AD26CB /* LoadingMoreFooterView.m */; settings = {COMPILER_FLAGS = "-fno-objc-arc"; }; };
		FA7F42E1178406A100AD26CB /* Settings.m in Sources */ = {isa = PBXBuildFile; fileRef = FA7F42E0178406A000AD26CB /* Settings.m */; };
		FA7F42E417840E0100AD26CB /* SettingsViewController.m in Sources */ = {isa = PBXBuildFile; fileRef = FA7F42E317840E0000AD26CB /* SettingsViewController.m */; };
		FA7F42E71784112B00AD26CB /* weibo@2x.png in Resources */ = {isa = PBXBuildFile; fileRef = FA7F42E51784112B00AD26CB /* weibo@2x.png */; };
		FA7F42E81784112B00AD26CB /* weibo.png in Resources */ = {isa = PBXBuildFile; fileRef = FA7F42E61784112B00AD26CB /* weibo.png */; };
		FA7F42EF178413F900AD26CB /* fav.png in Resources */ = {isa = PBXBuildFile; fileRef = FA7F42ED178413F900AD26CB /* fav.png */; };
		FA7F42F0178413F900AD26CB /* fav@2x.png in Resources */ = {isa = PBXBuildFile; fileRef = FA7F42EE178413F900AD26CB /* fav@2x.png */; };
		FA7F42F3178414D500AD26CB /* WeiboHTTP.m in Sources */ = {isa = PBXBuildFile; fileRef = FA7F42F2178414D400AD26CB /* WeiboHTTP.m */; };
		FA7F42F517841D5100AD26CB /* back-btn.png in Resources */ = {isa = PBXBuildFile; fileRef = FA7F42F417841D5100AD26CB /* back-btn.png */; };
		FA908AF217AF358800BF4135 /* libWeChatSDK_armv7_armv7s.a in Frameworks */ = {isa = PBXBuildFile; fileRef = FA908AEE17AF358800BF4135 /* libWeChatSDK_armv7_armv7s.a */; };
		FADB6B9717AF53C000337FE4 /* weixin.png in Resources */ = {isa = PBXBuildFile; fileRef = FADB6B9517AF53C000337FE4 /* weixin.png */; };
		FADB6B9817AF53C000337FE4 /* weixin@2x.png in Resources */ = {isa = PBXBuildFile; fileRef = FADB6B9617AF53C000337FE4 /* weixin@2x.png */; };
		FAE0CC2B17BDB14E000FF334 /* empty.png in Resources */ = {isa = PBXBuildFile; fileRef = FAE0CC2A17BDB14E000FF334 /* empty.png */; };
		FAE9B0CA17698F92007BC364 /* UIKit.framework in Frameworks */ = {isa = PBXBuildFile; fileRef = FAE9B0C917698F92007BC364 /* UIKit.framework */; };
		FAE9B0CC17698F92007BC364 /* Foundation.framework in Frameworks */ = {isa = PBXBuildFile; fileRef = FAE9B0CB17698F92007BC364 /* Foundation.framework */; };
		FAE9B0CE17698F92007BC364 /* CoreGraphics.framework in Frameworks */ = {isa = PBXBuildFile; fileRef = FAE9B0CD17698F92007BC364 /* CoreGraphics.framework */; };
		FAE9B0D417698F92007BC364 /* InfoPlist.strings in Resources */ = {isa = PBXBuildFile; fileRef = FAE9B0D217698F92007BC364 /* InfoPlist.strings */; };
		FAE9B0D617698F92007BC364 /* main.m in Sources */ = {isa = PBXBuildFile; fileRef = FAE9B0D517698F92007BC364 /* main.m */; };
		FAE9B0DA17698F92007BC364 /* AppDelegate.m in Sources */ = {isa = PBXBuildFile; fileRef = FAE9B0D917698F92007BC364 /* AppDelegate.m */; };
		FAE9B0E317698F92007BC364 /* MainStoryboard.storyboard in Resources */ = {isa = PBXBuildFile; fileRef = FAE9B0E117698F92007BC364 /* MainStoryboard.storyboard */; };
		FAE9B0EE17698FF4007BC364 /* HTTP.m in Sources */ = {isa = PBXBuildFile; fileRef = FAE9B0ED17698FF4007BC364 /* HTTP.m */; };
		FAEC39B0178570D50089E61E /* InsetsLabel.m in Sources */ = {isa = PBXBuildFile; fileRef = FAEC39AF178570D50089E61E /* InsetsLabel.m */; };
/* End PBXBuildFile section */

/* Begin PBXFileReference section */
		FA231B3617D064F700B9C5C8 /* UIView+Genie.h */ = {isa = PBXFileReference; fileEncoding = 4; lastKnownFileType = sourcecode.c.h; path = "UIView+Genie.h"; sourceTree = "<group>"; };
		FA231B3717D064F700B9C5C8 /* UIView+Genie.m */ = {isa = PBXFileReference; fileEncoding = 4; lastKnownFileType = sourcecode.c.objc; path = "UIView+Genie.m"; sourceTree = "<group>"; };
		FA25E607178A831B00423752 /* leaf.png */ = {isa = PBXFileReference; lastKnownFileType = image.png; path = leaf.png; sourceTree = "<group>"; };
		FA25E608178A831B00423752 /* leaf@2x.png */ = {isa = PBXFileReference; lastKnownFileType = image.png; path = "leaf@2x.png"; sourceTree = "<group>"; };
		FA25E60B178A854700423752 /* quill.png */ = {isa = PBXFileReference; lastKnownFileType = image.png; path = quill.png; sourceTree = "<group>"; };
		FA25E60D178A864C00423752 /* love.png */ = {isa = PBXFileReference; lastKnownFileType = image.png; path = love.png; sourceTree = "<group>"; };
		FA25E60E178A864C00423752 /* love@2x.png */ = {isa = PBXFileReference; lastKnownFileType = image.png; path = "love@2x.png"; sourceTree = "<group>"; };
		FA29CACF1786A66900452B91 /* UIHelper.h */ = {isa = PBXFileReference; fileEncoding = 4; lastKnownFileType = sourcecode.c.h; path = UIHelper.h; sourceTree = "<group>"; };
		FA29CAD01786A66900452B91 /* UIHelper.m */ = {isa = PBXFileReference; fileEncoding = 4; lastKnownFileType = sourcecode.c.objc; path = UIHelper.m; sourceTree = "<group>"; };
		FA2AA8CF17854040000D63FC /* StoreKit.framework */ = {isa = PBXFileReference; lastKnownFileType = wrapper.framework; name = StoreKit.framework; path = System/Library/Frameworks/StoreKit.framework; sourceTree = SDKROOT; };
		FA2AA8D217854075000D63FC /* IAPHelper.h */ = {isa = PBXFileReference; fileEncoding = 4; lastKnownFileType = sourcecode.c.h; path = IAPHelper.h; sourceTree = "<group>"; };
		FA2AA8D317854075000D63FC /* IAPHelper.m */ = {isa = PBXFileReference; fileEncoding = 4; lastKnownFileType = sourcecode.c.objc; path = IAPHelper.m; sourceTree = "<group>"; };
		FA2AA8D5178540F8000D63FC /* HuixiangIAPHelper.h */ = {isa = PBXFileReference; fileEncoding = 4; lastKnownFileType = sourcecode.c.h; path = HuixiangIAPHelper.h; sourceTree = "<group>"; };
		FA2AA8D6178540F8000D63FC /* HuixiangIAPHelper.m */ = {isa = PBXFileReference; fileEncoding = 4; lastKnownFileType = sourcecode.c.objc; path = HuixiangIAPHelper.m; sourceTree = "<group>"; };
		FA2AA8D8178551C7000D63FC /* icon.png */ = {isa = PBXFileReference; lastKnownFileType = image.png; path = icon.png; sourceTree = "<group>"; };
		FA2AA8DA178551CD000D63FC /* icon@2x.png */ = {isa = PBXFileReference; lastKnownFileType = image.png; path = "icon@2x.png"; sourceTree = "<group>"; };
		FA2AA8DC17855552000D63FC /* navbar.png */ = {isa = PBXFileReference; lastKnownFileType = image.png; path = navbar.png; sourceTree = "<group>"; };
		FA2AA8E017855781000D63FC /* pen-btn.png */ = {isa = PBXFileReference; lastKnownFileType = image.png; path = "pen-btn.png"; sourceTree = "<group>"; };
		FA2AA8E217855889000D63FC /* navbar@2x.png */ = {isa = PBXFileReference; lastKnownFileType = image.png; path = "navbar@2x.png"; sourceTree = "<group>"; };
		FA2AA8E417855CE6000D63FC /* Default.png */ = {isa = PBXFileReference; lastKnownFileType = image.png; path = Default.png; sourceTree = "<group>"; };
		FA2AA8E617855CEE000D63FC /* Default@2x.png */ = {isa = PBXFileReference; lastKnownFileType = image.png; path = "Default@2x.png"; sourceTree = "<group>"; };
		FA2AA8E817855D38000D63FC /* Default-568h@2x.png */ = {isa = PBXFileReference; lastKnownFileType = image.png; path = "Default-568h@2x.png"; sourceTree = "<group>"; };
		FA51334F1782B1B00072FC1A /* iCarousel.h */ = {isa = PBXFileReference; fileEncoding = 4; lastKnownFileType = sourcecode.c.h; path = iCarousel.h; sourceTree = "<group>"; };
		FA5133501782B1B00072FC1A /* iCarousel.m */ = {isa = PBXFileReference; fileEncoding = 4; lastKnownFileType = sourcecode.c.objc; path = iCarousel.m; sourceTree = "<group>"; };
		FA5133521782B2150072FC1A /* QuartzCore.framework */ = {isa = PBXFileReference; lastKnownFileType = wrapper.framework; name = QuartzCore.framework; path = System/Library/Frameworks/QuartzCore.framework; sourceTree = SDKROOT; };
		FA5133541782B3650072FC1A /* PieceView.xib */ = {isa = PBXFileReference; fileEncoding = 4; lastKnownFileType = file.xib; path = PieceView.xib; sourceTree = "<group>"; };
		FA5133561782B3930072FC1A /* PieceView.h */ = {isa = PBXFileReference; fileEncoding = 4; lastKnownFileType = sourcecode.c.h; path = PieceView.h; sourceTree = "<group>"; };
		FA5133571782B3930072FC1A /* PieceView.m */ = {isa = PBXFileReference; fileEncoding = 4; lastKnownFileType = sourcecode.c.objc; path = PieceView.m; sourceTree = "<group>"; };
		FA7F427F1783BAB100AD26CB /* favorites.png */ = {isa = PBXFileReference; lastKnownFileType = image.png; path = favorites.png; sourceTree = "<group>"; };
		FA7F42801783BAB100AD26CB /* favorites@2x.png */ = {isa = PBXFileReference; lastKnownFileType = image.png; path = "favorites@2x.png"; sourceTree = "<group>"; };
		FA7F42831783BAC200AD26CB /* heartAction.png */ = {isa = PBXFileReference; lastKnownFileType = image.png; path = heartAction.png; sourceTree = "<group>"; };
		FA7F42841783BAC200AD26CB /* heartAction@2x.png */ = {isa = PBXFileReference; lastKnownFileType = image.png; path = "heartAction@2x.png"; sourceTree = "<group>"; };
		FA7F42871783BAD100AD26CB /* settings.png */ = {isa = PBXFileReference; lastKnownFileType = image.png; path = settings.png; sourceTree = "<group>"; };
		FA7F42881783BAD100AD26CB /* settings@2x.png */ = {isa = PBXFileReference; lastKnownFileType = image.png; path = "settings@2x.png"; sourceTree = "<group>"; };
		FA7F428B1783BB5C00AD26CB /* main.png */ = {isa = PBXFileReference; lastKnownFileType = image.png; path = main.png; sourceTree = "<group>"; };
		FA7F428C1783BB5C00AD26CB /* main@2x.png */ = {isa = PBXFileReference; lastKnownFileType = image.png; path = "main@2x.png"; sourceTree = "<group>"; };
		FA7F42901783BC6D00AD26CB /* SinaWeiboAuthViewController.h */ = {isa = PBXFileReference; fileEncoding = 4; lastKnownFileType = sourcecode.c.h; path = SinaWeiboAuthViewController.h; sourceTree = "<group>"; };
		FA7F42911783BC6D00AD26CB /* SinaWeiboAuthViewController.m */ = {isa = PBXFileReference; fileEncoding = 4; lastKnownFileType = sourcecode.c.objc; path = SinaWeiboAuthViewController.m; sourceTree = "<group>"; };
		FA7F42941783BC7F00AD26CB /* SVProgressHUD.bundle */ = {isa = PBXFileReference; lastKnownFileType = "wrapper.plug-in"; path = SVProgressHUD.bundle; sourceTree = "<group>"; };
		FA7F42951783BC7F00AD26CB /* SVProgressHUD.h */ = {isa = PBXFileReference; fileEncoding = 4; lastKnownFileType = sourcecode.c.h; path = SVProgressHUD.h; sourceTree = "<group>"; };
		FA7F42961783BC7F00AD26CB /* SVProgressHUD.m */ = {isa = PBXFileReference; fileEncoding = 4; lastKnownFileType = sourcecode.c.objc; path = SVProgressHUD.m; sourceTree = "<group>"; };
		FA7F429B1783C46D00AD26CB /* tab.png */ = {isa = PBXFileReference; lastKnownFileType = image.png; path = tab.png; sourceTree = "<group>"; };
		FA7F429C1783C46D00AD26CB /* tab@2x.png */ = {isa = PBXFileReference; lastKnownFileType = image.png; path = "tab@2x.png"; sourceTree = "<group>"; };
		FA7F429F1783C99900AD26CB /* CollectionViewController.h */ = {isa = PBXFileReference; fileEncoding = 4; lastKnownFileType = sourcecode.c.h; path = CollectionViewController.h; sourceTree = "<group>"; };
		FA7F42A01783C99900AD26CB /* CollectionViewController.m */ = {isa = PBXFileReference; fileEncoding = 4; lastKnownFileType = sourcecode.c.objc; path = CollectionViewController.m; sourceTree = "<group>"; };
		FA7F42A51783CB6A00AD26CB /* MessageUI.framework */ = {isa = PBXFileReference; lastKnownFileType = wrapper.framework; name = MessageUI.framework; path = System/Library/Frameworks/MessageUI.framework; sourceTree = SDKROOT; };
		FA7F42A81783DBA700AD26CB /* HMSideMenu.h */ = {isa = PBXFileReference; fileEncoding = 4; lastKnownFileType = sourcecode.c.h; path = HMSideMenu.h; sourceTree = "<group>"; };
		FA7F42A91783DBA700AD26CB /* HMSideMenu.m */ = {isa = PBXFileReference; fileEncoding = 4; lastKnownFileType = sourcecode.c.objc; path = HMSideMenu.m; sourceTree = "<group>"; };
		FA7F42BF1783DFFF00AD26CB /* email.png */ = {isa = PBXFileReference; lastKnownFileType = image.png; path = email.png; sourceTree = "<group>"; };
		FA7F42C01783DFFF00AD26CB /* email@2x.png */ = {isa = PBXFileReference; lastKnownFileType = image.png; path = "email@2x.png"; sourceTree = "<group>"; };
		FA7F42CD1783EABF00AD26CB /* PieceCell.h */ = {isa = PBXFileReference; fileEncoding = 4; lastKnownFileType = sourcecode.c.h; path = PieceCell.h; sourceTree = "<group>"; };
		FA7F42CE1783EABF00AD26CB /* PieceCell.m */ = {isa = PBXFileReference; fileEncoding = 4; lastKnownFileType = sourcecode.c.objc; path = PieceCell.m; sourceTree = "<group>"; };
		FA7F42D11783EDFD00AD26CB /* EGORefreshTableHeaderView.h */ = {isa = PBXFileReference; fileEncoding = 4; lastKnownFileType = sourcecode.c.h; path = EGORefreshTableHeaderView.h; sourceTree = "<group>"; };
		FA7F42D21783EDFD00AD26CB /* EGORefreshTableHeaderView.m */ = {isa = PBXFileReference; fileEncoding = 4; lastKnownFileType = sourcecode.c.objc; path = EGORefreshTableHeaderView.m; sourceTree = "<group>"; };
		FA7F42D31783EDFD00AD26CB /* grayArrow.png */ = {isa = PBXFileReference; lastKnownFileType = image.png; path = grayArrow.png; sourceTree = "<group>"; };
		FA7F42D41783EDFD00AD26CB /* grayArrow@2x.png */ = {isa = PBXFileReference; lastKnownFileType = image.png; path = "grayArrow@2x.png"; sourceTree = "<group>"; };
		FA7F42D61783EDFE00AD26CB /* LoadingMoreFooterView.h */ = {isa = PBXFileReference; fileEncoding = 4; lastKnownFileType = sourcecode.c.h; path = LoadingMoreFooterView.h; sourceTree = "<group>"; };
		FA7F42D71783EDFE00AD26CB /* LoadingMoreFooterView.m */ = {isa = PBXFileReference; fileEncoding = 4; lastKnownFileType = sourcecode.c.objc; path = LoadingMoreFooterView.m; sourceTree = "<group>"; };
		FA7F42DF178406A000AD26CB /* Settings.h */ = {isa = PBXFileReference; fileEncoding = 4; lastKnownFileType = sourcecode.c.h; path = Settings.h; sourceTree = "<group>"; };
		FA7F42E0178406A000AD26CB /* Settings.m */ = {isa = PBXFileReference; fileEncoding = 4; lastKnownFileType = sourcecode.c.objc; path = Settings.m; sourceTree = "<group>"; };
		FA7F42E217840DFF00AD26CB /* SettingsViewController.h */ = {isa = PBXFileReference; fileEncoding = 4; lastKnownFileType = sourcecode.c.h; path = SettingsViewController.h; sourceTree = "<group>"; };
		FA7F42E317840E0000AD26CB /* SettingsViewController.m */ = {isa = PBXFileReference; fileEncoding = 4; lastKnownFileType = sourcecode.c.objc; path = SettingsViewController.m; sourceTree = "<group>"; };
		FA7F42E51784112B00AD26CB /* weibo@2x.png */ = {isa = PBXFileReference; lastKnownFileType = image.png; path = "weibo@2x.png"; sourceTree = "<group>"; };
		FA7F42E61784112B00AD26CB /* weibo.png */ = {isa = PBXFileReference; lastKnownFileType = image.png; path = weibo.png; sourceTree = "<group>"; };
		FA7F42ED178413F900AD26CB /* fav.png */ = {isa = PBXFileReference; lastKnownFileType = image.png; path = fav.png; sourceTree = "<group>"; };
		FA7F42EE178413F900AD26CB /* fav@2x.png */ = {isa = PBXFileReference; lastKnownFileType = image.png; path = "fav@2x.png"; sourceTree = "<group>"; };
		FA7F42F1178414D300AD26CB /* WeiboHTTP.h */ = {isa = PBXFileReference; fileEncoding = 4; lastKnownFileType = sourcecode.c.h; path = WeiboHTTP.h; sourceTree = "<group>"; };
		FA7F42F2178414D400AD26CB /* WeiboHTTP.m */ = {isa = PBXFileReference; fileEncoding = 4; lastKnownFileType = sourcecode.c.objc; path = WeiboHTTP.m; sourceTree = "<group>"; };
		FA7F42F417841D5100AD26CB /* back-btn.png */ = {isa = PBXFileReference; lastKnownFileType = image.png; path = "back-btn.png"; sourceTree = "<group>"; };
		FA908AEE17AF358800BF4135 /* libWeChatSDK_armv7_armv7s.a */ = {isa = PBXFileReference; lastKnownFileType = archive.ar; path = libWeChatSDK_armv7_armv7s.a; sourceTree = "<group>"; };
		FA908AF017AF358800BF4135 /* WXApi.h */ = {isa = PBXFileReference; fileEncoding = 4; lastKnownFileType = sourcecode.c.h; path = WXApi.h; sourceTree = "<group>"; };
		FA908AF117AF358800BF4135 /* WXApiObject.h */ = {isa = PBXFileReference; fileEncoding = 4; lastKnownFileType = sourcecode.c.h; path = WXApiObject.h; sourceTree = "<group>"; };
		FADB6B9517AF53C000337FE4 /* weixin.png */ = {isa = PBXFileReference; lastKnownFileType = image.png; path = weixin.png; sourceTree = "<group>"; };
		FADB6B9617AF53C000337FE4 /* weixin@2x.png */ = {isa = PBXFileReference; lastKnownFileType = image.png; path = "weixin@2x.png"; sourceTree = "<group>"; };
		FAE0CC2A17BDB14E000FF334 /* empty.png */ = {isa = PBXFileReference; lastKnownFileType = image.png; path = empty.png; sourceTree = "<group>"; };
		FAE9B0C617698F92007BC364 /* 茴香.app */ = {isa = PBXFileReference; explicitFileType = wrapper.application; includeInIndex = 0; path = "茴香.app"; sourceTree = BUILT_PRODUCTS_DIR; };
		FAE9B0C917698F92007BC364 /* UIKit.framework */ = {isa = PBXFileReference; lastKnownFileType = wrapper.framework; name = UIKit.framework; path = System/Library/Frameworks/UIKit.framework; sourceTree = SDKROOT; };
		FAE9B0CB17698F92007BC364 /* Foundation.framework */ = {isa = PBXFileReference; lastKnownFileType = wrapper.framework; name = Foundation.framework; path = System/Library/Frameworks/Foundation.framework; sourceTree = SDKROOT; };
		FAE9B0CD17698F92007BC364 /* CoreGraphics.framework */ = {isa = PBXFileReference; lastKnownFileType = wrapper.framework; name = CoreGraphics.framework; path = System/Library/Frameworks/CoreGraphics.framework; sourceTree = SDKROOT; };
		FAE9B0D117698F92007BC364 /* Huixiang-Info.plist */ = {isa = PBXFileReference; lastKnownFileType = text.plist.xml; path = "Huixiang-Info.plist"; sourceTree = "<group>"; };
		FAE9B0D317698F92007BC364 /* en */ = {isa = PBXFileReference; lastKnownFileType = text.plist.strings; name = en; path = en.lproj/InfoPlist.strings; sourceTree = "<group>"; };
		FAE9B0D517698F92007BC364 /* main.m */ = {isa = PBXFileReference; lastKnownFileType = sourcecode.c.objc; path = main.m; sourceTree = "<group>"; };
		FAE9B0D717698F92007BC364 /* Huixiang-Prefix.pch */ = {isa = PBXFileReference; lastKnownFileType = sourcecode.c.h; path = "Huixiang-Prefix.pch"; sourceTree = "<group>"; };
		FAE9B0D817698F92007BC364 /* AppDelegate.h */ = {isa = PBXFileReference; lastKnownFileType = sourcecode.c.h; path = AppDelegate.h; sourceTree = "<group>"; };
		FAE9B0D917698F92007BC364 /* AppDelegate.m */ = {isa = PBXFileReference; lastKnownFileType = sourcecode.c.objc; path = AppDelegate.m; sourceTree = "<group>"; };
		FAE9B0E217698F92007BC364 /* en */ = {isa = PBXFileReference; lastKnownFileType = file.storyboard; name = en; path = en.lproj/MainStoryboard.storyboard; sourceTree = "<group>"; };
		FAE9B0E417698F92007BC364 /* ViewController.h */ = {isa = PBXFileReference; lastKnownFileType = sourcecode.c.h; path = ViewController.h; sourceTree = "<group>"; };
		FAE9B0E517698F92007BC364 /* ViewController.m */ = {isa = PBXFileReference; lastKnownFileType = sourcecode.c.objc; path = ViewController.m; sourceTree = "<group>"; };
		FAE9B0EC17698FF4007BC364 /* HTTP.h */ = {isa = PBXFileReference; fileEncoding = 4; lastKnownFileType = sourcecode.c.h; path = HTTP.h; sourceTree = "<group>"; };
		FAE9B0ED17698FF4007BC364 /* HTTP.m */ = {isa = PBXFileReference; fileEncoding = 4; lastKnownFileType = sourcecode.c.objc; path = HTTP.m; sourceTree = "<group>"; };
		FAEC39AE178570D50089E61E /* InsetsLabel.h */ = {isa = PBXFileReference; fileEncoding = 4; lastKnownFileType = sourcecode.c.h; path = InsetsLabel.h; sourceTree = "<group>"; };
		FAEC39AF178570D50089E61E /* InsetsLabel.m */ = {isa = PBXFileReference; fileEncoding = 4; lastKnownFileType = sourcecode.c.objc; path = InsetsLabel.m; sourceTree = "<group>"; };
/* End PBXFileReference section */

/* Begin PBXFrameworksBuildPhase section */
		FAE9B0C317698F92007BC364 /* Frameworks */ = {
			isa = PBXFrameworksBuildPhase;
			buildActionMask = 2147483647;
			files = (
				FA2AA8D017854040000D63FC /* StoreKit.framework in Frameworks */,
				FA7F42A61783CB6A00AD26CB /* MessageUI.framework in Frameworks */,
				FA5133531782B2150072FC1A /* QuartzCore.framework in Frameworks */,
				FAE9B0CA17698F92007BC364 /* UIKit.framework in Frameworks */,
				FAE9B0CC17698F92007BC364 /* Foundation.framework in Frameworks */,
				FAE9B0CE17698F92007BC364 /* CoreGraphics.framework in Frameworks */,
				FA908AF217AF358800BF4135 /* libWeChatSDK_armv7_armv7s.a in Frameworks */,
			);
			runOnlyForDeploymentPostprocessing = 0;
		};
/* End PBXFrameworksBuildPhase section */

/* Begin PBXGroup section */
		FA25E611178A9B4700423752 /* fonts */ = {
			isa = PBXGroup;
			children = (
			);
			name = fonts;
			sourceTree = "<group>";
		};
		FA29CACE1786A63D00452B91 /* ui */ = {
			isa = PBXGroup;
			children = (
				FA231B3617D064F700B9C5C8 /* UIView+Genie.h */,
				FA231B3717D064F700B9C5C8 /* UIView+Genie.m */,
				FAEC39AE178570D50089E61E /* InsetsLabel.h */,
				FAEC39AF178570D50089E61E /* InsetsLabel.m */,
				FA29CACF1786A66900452B91 /* UIHelper.h */,
				FA29CAD01786A66900452B91 /* UIHelper.m */,
			);
			name = ui;
			sourceTree = "<group>";
		};
		FA2AA8D117854056000D63FC /* iap */ = {
			isa = PBXGroup;
			children = (
				FA2AA8D217854075000D63FC /* IAPHelper.h */,
				FA2AA8D317854075000D63FC /* IAPHelper.m */,
				FA2AA8D5178540F8000D63FC /* HuixiangIAPHelper.h */,
				FA2AA8D6178540F8000D63FC /* HuixiangIAPHelper.m */,
			);
			name = iap;
			sourceTree = "<group>";
		};
		FA51334E1782B1B00072FC1A /* iCarousel */ = {
			isa = PBXGroup;
			children = (
				FA51334F1782B1B00072FC1A /* iCarousel.h */,
				FA5133501782B1B00072FC1A /* iCarousel.m */,
			);
			path = iCarousel;
			sourceTree = "<group>";
		};
		FA7F428F1783BC6000AD26CB /* sina */ = {
			isa = PBXGroup;
			children = (
				FA7F42901783BC6D00AD26CB /* SinaWeiboAuthViewController.h */,
				FA7F42911783BC6D00AD26CB /* SinaWeiboAuthViewController.m */,
			);
			name = sina;
			sourceTree = "<group>";
		};
		FA7F42931783BC7F00AD26CB /* SVProgressHUD */ = {
			isa = PBXGroup;
			children = (
				FA7F42941783BC7F00AD26CB /* SVProgressHUD.bundle */,
				FA7F42951783BC7F00AD26CB /* SVProgressHUD.h */,
				FA7F42961783BC7F00AD26CB /* SVProgressHUD.m */,
			);
			path = SVProgressHUD;
			sourceTree = "<group>";
		};
		FA7F42A71783DBA700AD26CB /* HMSideMenu */ = {
			isa = PBXGroup;
			children = (
				FA7F42A81783DBA700AD26CB /* HMSideMenu.h */,
				FA7F42A91783DBA700AD26CB /* HMSideMenu.m */,
			);
			path = HMSideMenu;
			sourceTree = "<group>";
		};
		FA7F42BC1783DFFF00AD26CB /* Images */ = {
			isa = PBXGroup;
			children = (
				FAE0CC2A17BDB14E000FF334 /* empty.png */,
				FADB6B9517AF53C000337FE4 /* weixin.png */,
				FADB6B9617AF53C000337FE4 /* weixin@2x.png */,
				FA7F42ED178413F900AD26CB /* fav.png */,
				FA7F42EE178413F900AD26CB /* fav@2x.png */,
				FA7F42E51784112B00AD26CB /* weibo@2x.png */,
				FA7F42E61784112B00AD26CB /* weibo.png */,
				FA7F42BF1783DFFF00AD26CB /* email.png */,
				FA7F42C01783DFFF00AD26CB /* email@2x.png */,
			);
			path = Images;
			sourceTree = "<group>";
		};
		FA7F42D01783EDFD00AD26CB /* EGORefreshTableHeaderView */ = {
			isa = PBXGroup;
			children = (
				FA7F42D11783EDFD00AD26CB /* EGORefreshTableHeaderView.h */,
				FA7F42D21783EDFD00AD26CB /* EGORefreshTableHeaderView.m */,
				FA7F42D31783EDFD00AD26CB /* grayArrow.png */,
				FA7F42D41783EDFD00AD26CB /* grayArrow@2x.png */,
			);
			path = EGORefreshTableHeaderView;
			sourceTree = "<group>";
		};
		FA7F42D51783EDFD00AD26CB /* LoadingMoreFooterView */ = {
			isa = PBXGroup;
			children = (
				FA7F42D61783EDFE00AD26CB /* LoadingMoreFooterView.h */,
				FA7F42D71783EDFE00AD26CB /* LoadingMoreFooterView.m */,
			);
			path = LoadingMoreFooterView;
			sourceTree = "<group>";
		};
		FA908AED17AF357C00BF4135 /* weixin */ = {
			isa = PBXGroup;
			children = (
				FA908AEE17AF358800BF4135 /* libWeChatSDK_armv7_armv7s.a */,
				FA908AF017AF358800BF4135 /* WXApi.h */,
				FA908AF117AF358800BF4135 /* WXApiObject.h */,
			);
			name = weixin;
			sourceTree = "<group>";
		};
		FAC965C51782AC00009CB3B1 /* img */ = {
			isa = PBXGroup;
			children = (
				FA25E60D178A864C00423752 /* love.png */,
				FA25E60E178A864C00423752 /* love@2x.png */,
				FA25E60B178A854700423752 /* quill.png */,
				FA25E607178A831B00423752 /* leaf.png */,
				FA25E608178A831B00423752 /* leaf@2x.png */,
				FA2AA8E017855781000D63FC /* pen-btn.png */,
				FA2AA8DC17855552000D63FC /* navbar.png */,
				FA2AA8E217855889000D63FC /* navbar@2x.png */,
				FA7F42F417841D5100AD26CB /* back-btn.png */,
				FA7F429B1783C46D00AD26CB /* tab.png */,
				FA7F429C1783C46D00AD26CB /* tab@2x.png */,
				FA7F428B1783BB5C00AD26CB /* main.png */,
				FA7F428C1783BB5C00AD26CB /* main@2x.png */,
				FA7F42871783BAD100AD26CB /* settings.png */,
				FA7F42881783BAD100AD26CB /* settings@2x.png */,
				FA7F42831783BAC200AD26CB /* heartAction.png */,
				FA7F42841783BAC200AD26CB /* heartAction@2x.png */,
				FA7F427F1783BAB100AD26CB /* favorites.png */,
				FA7F42801783BAB100AD26CB /* favorites@2x.png */,
			);
			name = img;
			sourceTree = "<group>";
		};
		FAE9B0BD17698F92007BC364 = {
			isa = PBXGroup;
			children = (
				FA2AA8E817855D38000D63FC /* Default-568h@2x.png */,
				FA2AA8E617855CEE000D63FC /* Default@2x.png */,
				FA2AA8E417855CE6000D63FC /* Default.png */,
				FA2AA8DA178551CD000D63FC /* icon@2x.png */,
				FA2AA8D8178551C7000D63FC /* icon.png */,
				FA2AA8CF17854040000D63FC /* StoreKit.framework */,
				FA7F42A51783CB6A00AD26CB /* MessageUI.framework */,
				FA5133521782B2150072FC1A /* QuartzCore.framework */,
				FAE9B0CF17698F92007BC364 /* Huixiang */,
				FAE9B0C817698F92007BC364 /* Frameworks */,
				FAE9B0C717698F92007BC364 /* Products */,
			);
			sourceTree = "<group>";
		};
		FAE9B0C717698F92007BC364 /* Products */ = {
			isa = PBXGroup;
			children = (
				FAE9B0C617698F92007BC364 /* 茴香.app */,
			);
			name = Products;
			sourceTree = "<group>";
		};
		FAE9B0C817698F92007BC364 /* Frameworks */ = {
			isa = PBXGroup;
			children = (
				FAE9B0C917698F92007BC364 /* UIKit.framework */,
				FAE9B0CB17698F92007BC364 /* Foundation.framework */,
				FAE9B0CD17698F92007BC364 /* CoreGraphics.framework */,
			);
			name = Frameworks;
			sourceTree = "<group>";
		};
		FAE9B0CF17698F92007BC364 /* Huixiang */ = {
			isa = PBXGroup;
			children = (
				FA908AED17AF357C00BF4135 /* weixin */,
				FA29CACE1786A63D00452B91 /* ui */,
				FA2AA8D117854056000D63FC /* iap */,
				FA7F42D01783EDFD00AD26CB /* EGORefreshTableHeaderView */,
				FA7F42D51783EDFD00AD26CB /* LoadingMoreFooterView */,
				FA7F42A71783DBA700AD26CB /* HMSideMenu */,
				FA7F42931783BC7F00AD26CB /* SVProgressHUD */,
				FA7F428F1783BC6000AD26CB /* sina */,
				FAE9B0EC17698FF4007BC364 /* HTTP.h */,
				FAE9B0ED17698FF4007BC364 /* HTTP.m */,
				FA7F42F1178414D300AD26CB /* WeiboHTTP.h */,
				FA7F42F2178414D400AD26CB /* WeiboHTTP.m */,
				FAE9B0D817698F92007BC364 /* AppDelegate.h */,
				FAE9B0D917698F92007BC364 /* AppDelegate.m */,
				FAE9B0E117698F92007BC364 /* MainStoryboard.storyboard */,
				FAE9B0E417698F92007BC364 /* ViewController.h */,
				FAE9B0E517698F92007BC364 /* ViewController.m */,
				FA7F429F1783C99900AD26CB /* CollectionViewController.h */,
				FA7F42A01783C99900AD26CB /* CollectionViewController.m */,
				FA7F42CD1783EABF00AD26CB /* PieceCell.h */,
				FA7F42CE1783EABF00AD26CB /* PieceCell.m */,
				FA5133561782B3930072FC1A /* PieceView.h */,
				FA5133571782B3930072FC1A /* PieceView.m */,
				FA5133541782B3650072FC1A /* PieceView.xib */,
				FA7F42DF178406A000AD26CB /* Settings.h */,
				FA7F42E0178406A000AD26CB /* Settings.m */,
				FA7F42E217840DFF00AD26CB /* SettingsViewController.h */,
				FA7F42E317840E0000AD26CB /* SettingsViewController.m */,
				FA51334E1782B1B00072FC1A /* iCarousel */,
				FAE9B0D017698F92007BC364 /* Supporting Files */,
			);
			path = Huixiang;
			sourceTree = "<group>";
		};
		FAE9B0D017698F92007BC364 /* Supporting Files */ = {
			isa = PBXGroup;
			children = (
				FA25E611178A9B4700423752 /* fonts */,
				FA7F42BC1783DFFF00AD26CB /* Images */,
				FAC965C51782AC00009CB3B1 /* img */,
				FAE9B0D117698F92007BC364 /* Huixiang-Info.plist */,
				FAE9B0D217698F92007BC364 /* InfoPlist.strings */,
				FAE9B0D517698F92007BC364 /* main.m */,
				FAE9B0D717698F92007BC364 /* Huixiang-Prefix.pch */,
			);
			name = "Supporting Files";
			sourceTree = "<group>";
		};
/* End PBXGroup section */

/* Begin PBXNativeTarget section */
		FAE9B0C517698F92007BC364 /* Huixiang */ = {
			isa = PBXNativeTarget;
			buildConfigurationList = FAE9B0E917698F92007BC364 /* Build configuration list for PBXNativeTarget "Huixiang" */;
			buildPhases = (
				FAE9B0C217698F92007BC364 /* Sources */,
				FAE9B0C317698F92007BC364 /* Frameworks */,
				FAE9B0C417698F92007BC364 /* Resources */,
			);
			buildRules = (
			);
			dependencies = (
			);
			name = Huixiang;
			productName = Huixiang;
			productReference = FAE9B0C617698F92007BC364 /* 茴香.app */;
			productType = "com.apple.product-type.application";
		};
/* End PBXNativeTarget section */

/* Begin PBXProject section */
		FAE9B0BE17698F92007BC364 /* Project object */ = {
			isa = PBXProject;
			attributes = {
				LastUpgradeCheck = 0460;
				ORGANIZATIONNAME = ltebean;
				TargetAttributes = {
					FAE9B0C517698F92007BC364 = {
						DevelopmentTeam = LUAG5Z5ST3;
					};
				};
			};
			buildConfigurationList = FAE9B0C117698F92007BC364 /* Build configuration list for PBXProject "Huixiang" */;
			compatibilityVersion = "Xcode 3.2";
			developmentRegion = English;
			hasScannedForEncodings = 0;
			knownRegions = (
				en,
			);
			mainGroup = FAE9B0BD17698F92007BC364;
			productRefGroup = FAE9B0C717698F92007BC364 /* Products */;
			projectDirPath = "";
			projectRoot = "";
			targets = (
				FAE9B0C517698F92007BC364 /* Huixiang */,
			);
		};
/* End PBXProject section */

/* Begin PBXResourcesBuildPhase section */
		FAE9B0C417698F92007BC364 /* Resources */ = {
			isa = PBXResourcesBuildPhase;
			buildActionMask = 2147483647;
			files = (
				FAE9B0D417698F92007BC364 /* InfoPlist.strings in Resources */,
				FAE9B0E317698F92007BC364 /* MainStoryboard.storyboard in Resources */,
				FA5133551782B3650072FC1A /* PieceView.xib in Resources */,
				FA7F42811783BAB100AD26CB /* favorites.png in Resources */,
				FA7F42821783BAB100AD26CB /* favorites@2x.png in Resources */,
				FA7F42851783BAC200AD26CB /* heartAction.png in Resources */,
				FA7F42861783BAC200AD26CB /* heartAction@2x.png in Resources */,
				FA7F42891783BAD100AD26CB /* settings.png in Resources */,
				FA7F428A1783BAD100AD26CB /* settings@2x.png in Resources */,
				FA7F428D1783BB5C00AD26CB /* main.png in Resources */,
				FA7F428E1783BB5C00AD26CB /* main@2x.png in Resources */,
				FA7F42971783BC7F00AD26CB /* SVProgressHUD.bundle in Resources */,
				FA7F429D1783C46D00AD26CB /* tab.png in Resources */,
				FA7F429E1783C46D00AD26CB /* tab@2x.png in Resources */,
				FA7F42C71783DFFF00AD26CB /* email.png in Resources */,
				FA7F42C81783DFFF00AD26CB /* email@2x.png in Resources */,
				FA7F42D91783EDFE00AD26CB /* grayArrow.png in Resources */,
				FA7F42DA1783EDFE00AD26CB /* grayArrow@2x.png in Resources */,
				FA7F42E71784112B00AD26CB /* weibo@2x.png in Resources */,
				FA7F42E81784112B00AD26CB /* weibo.png in Resources */,
				FA7F42EF178413F900AD26CB /* fav.png in Resources */,
				FA7F42F0178413F900AD26CB /* fav@2x.png in Resources */,
				FA7F42F517841D5100AD26CB /* back-btn.png in Resources */,
				FA2AA8D9178551C8000D63FC /* icon.png in Resources */,
				FA2AA8DB178551CD000D63FC /* icon@2x.png in Resources */,
				FA2AA8DE17855552000D63FC /* navbar.png in Resources */,
				FA2AA8E117855781000D63FC /* pen-btn.png in Resources */,
				FA2AA8E317855889000D63FC /* navbar@2x.png in Resources */,
				FA2AA8E517855CE6000D63FC /* Default.png in Resources */,
				FA2AA8E717855CEE000D63FC /* Default@2x.png in Resources */,
				FA2AA8E917855D39000D63FC /* Default-568h@2x.png in Resources */,
				FA25E609178A831B00423752 /* leaf.png in Resources */,
				FA25E60A178A831B00423752 /* leaf@2x.png in Resources */,
				FA25E60C178A854700423752 /* quill.png in Resources */,
				FA25E60F178A864C00423752 /* love.png in Resources */,
				FA25E610178A864C00423752 /* love@2x.png in Resources */,
				FADB6B9717AF53C000337FE4 /* weixin.png in Resources */,
				FADB6B9817AF53C000337FE4 /* weixin@2x.png in Resources */,
				FAE0CC2B17BDB14E000FF334 /* empty.png in Resources */,
			);
			runOnlyForDeploymentPostprocessing = 0;
		};
/* End PBXResourcesBuildPhase section */

/* Begin PBXSourcesBuildPhase section */
		FAE9B0C217698F92007BC364 /* Sources */ = {
			isa = PBXSourcesBuildPhase;
			buildActionMask = 2147483647;
			files = (
				FA231B3917D06AA400B9C5C8 /* ViewController.m in Sources */,
				FAE9B0D617698F92007BC364 /* main.m in Sources */,
				FAE9B0DA17698F92007BC364 /* AppDelegate.m in Sources */,
				FAE9B0EE17698FF4007BC364 /* HTTP.m in Sources */,
				FA5133511782B1B00072FC1A /* iCarousel.m in Sources */,
				FA5133581782B3930072FC1A /* PieceView.m in Sources */,
				FA7F42921783BC6D00AD26CB /* SinaWeiboAuthViewController.m in Sources */,
				FA7F42981783BC7F00AD26CB /* SVProgressHUD.m in Sources */,
				FA7F42A11783C99900AD26CB /* CollectionViewController.m in Sources */,
				FA7F42AA1783DBA700AD26CB /* HMSideMenu.m in Sources */,
				FA7F42CF1783EABF00AD26CB /* PieceCell.m in Sources */,
				FA7F42D81783EDFE00AD26CB /* EGORefreshTableHeaderView.m in Sources */,
				FA7F42DB1783EDFE00AD26CB /* LoadingMoreFooterView.m in Sources */,
				FA7F42E1178406A100AD26CB /* Settings.m in Sources */,
				FA7F42E417840E0100AD26CB /* SettingsViewController.m in Sources */,
				FA7F42F3178414D500AD26CB /* WeiboHTTP.m in Sources */,
				FA2AA8D417854075000D63FC /* IAPHelper.m in Sources */,
				FA2AA8D7178540F8000D63FC /* HuixiangIAPHelper.m in Sources */,
				FAEC39B0178570D50089E61E /* InsetsLabel.m in Sources */,
				FA29CAD11786A66900452B91 /* UIHelper.m in Sources */,
				FA231B3817D064F700B9C5C8 /* UIView+Genie.m in Sources */,
			);
			runOnlyForDeploymentPostprocessing = 0;
		};
/* End PBXSourcesBuildPhase section */

/* Begin PBXVariantGroup section */
		FAE9B0D217698F92007BC364 /* InfoPlist.strings */ = {
			isa = PBXVariantGroup;
			children = (
				FAE9B0D317698F92007BC364 /* en */,
			);
			name = InfoPlist.strings;
			sourceTree = "<group>";
		};
		FAE9B0E117698F92007BC364 /* MainStoryboard.storyboard */ = {
			isa = PBXVariantGroup;
			children = (
				FAE9B0E217698F92007BC364 /* en */,
			);
			name = MainStoryboard.storyboard;
			sourceTree = "<group>";
		};
/* End PBXVariantGroup section */

/* Begin XCBuildConfiguration section */
		FAE9B0E717698F92007BC364 /* Debug */ = {
			isa = XCBuildConfiguration;
			buildSettings = {
				ALWAYS_SEARCH_USER_PATHS = NO;
				CLANG_CXX_LANGUAGE_STANDARD = "gnu++0x";
				CLANG_CXX_LIBRARY = "libc++";
				CLANG_ENABLE_OBJC_ARC = YES;
				CLANG_WARN_CONSTANT_CONVERSION = YES;
				CLANG_WARN_EMPTY_BODY = YES;
				CLANG_WARN_ENUM_CONVERSION = YES;
				CLANG_WARN_INT_CONVERSION = YES;
				CLANG_WARN__DUPLICATE_METHOD_MATCH = YES;
				"CODE_SIGN_IDENTITY[sdk=iphoneos*]" = "iPhone Developer";
				COPY_PHASE_STRIP = NO;
				GCC_C_LANGUAGE_STANDARD = gnu99;
				GCC_DYNAMIC_NO_PIC = NO;
				GCC_OPTIMIZATION_LEVEL = 0;
				GCC_PREPROCESSOR_DEFINITIONS = (
					"DEBUG=1",
					"$(inherited)",
				);
				GCC_SYMBOLS_PRIVATE_EXTERN = NO;
				GCC_WARN_ABOUT_RETURN_TYPE = YES;
				GCC_WARN_UNINITIALIZED_AUTOS = YES;
				GCC_WARN_UNUSED_VARIABLE = YES;
				IPHONEOS_DEPLOYMENT_TARGET = 6.1;
				ONLY_ACTIVE_ARCH = YES;
				SDKROOT = iphoneos;
			};
			name = Debug;
		};
		FAE9B0E817698F92007BC364 /* Release */ = {
			isa = XCBuildConfiguration;
			buildSettings = {
				ALWAYS_SEARCH_USER_PATHS = NO;
				CLANG_CXX_LANGUAGE_STANDARD = "gnu++0x";
				CLANG_CXX_LIBRARY = "libc++";
				CLANG_ENABLE_OBJC_ARC = YES;
				CLANG_WARN_CONSTANT_CONVERSION = YES;
				CLANG_WARN_EMPTY_BODY = YES;
				CLANG_WARN_ENUM_CONVERSION = YES;
				CLANG_WARN_INT_CONVERSION = YES;
				CLANG_WARN__DUPLICATE_METHOD_MATCH = YES;
				"CODE_SIGN_IDENTITY[sdk=iphoneos*]" = "iPhone Developer";
				COPY_PHASE_STRIP = YES;
				GCC_C_LANGUAGE_STANDARD = gnu99;
				GCC_WARN_ABOUT_RETURN_TYPE = YES;
				GCC_WARN_UNINITIALIZED_AUTOS = YES;
				GCC_WARN_UNUSED_VARIABLE = YES;
				IPHONEOS_DEPLOYMENT_TARGET = 6.1;
				OTHER_CFLAGS = "-DNS_BLOCK_ASSERTIONS=1";
				SDKROOT = iphoneos;
				VALIDATE_PRODUCT = YES;
			};
			name = Release;
		};
		FAE9B0EA17698F92007BC364 /* Debug */ = {
			isa = XCBuildConfiguration;
			buildSettings = {
				CODE_SIGN_IDENTITY = "iPhone Developer";
				"CODE_SIGN_IDENTITY[sdk=iphoneos*]" = "iPhone Developer: Cong Yu (6T4Q98EJT3)";
				GCC_PRECOMPILE_PREFIX_HEADER = YES;
				GCC_PREFIX_HEADER = "Huixiang/Huixiang-Prefix.pch";
				INFOPLIST_FILE = "Huixiang/Huixiang-Info.plist";
				IPHONEOS_DEPLOYMENT_TARGET = 7.0;
				LIBRARY_SEARCH_PATHS = (
					"$(inherited)",
					"\"$(SRCROOT)/Huixiang\"",
				);
				PRODUCT_NAME = "茴香";
				PROVISIONING_PROFILE = "C6E64E8E-2AFA-4331-9F83-25C87D437120";
				"PROVISIONING_PROFILE[sdk=iphoneos*]" = "C6E64E8E-2AFA-4331-9F83-25C87D437120";
				WRAPPER_EXTENSION = app;
			};
			name = Debug;
		};
		FAE9B0EB17698F92007BC364 /* Release */ = {
			isa = XCBuildConfiguration;
			buildSettings = {
				CODE_SIGN_IDENTITY = "iPhone Developer";
				"CODE_SIGN_IDENTITY[sdk=iphoneos*]" = "iPhone Developer: Cong Yu (6T4Q98EJT3)";
				GCC_PRECOMPILE_PREFIX_HEADER = YES;
				GCC_PREFIX_HEADER = "Huixiang/Huixiang-Prefix.pch";
				INFOPLIST_FILE = "Huixiang/Huixiang-Info.plist";
				IPHONEOS_DEPLOYMENT_TARGET = 7.0;
				LIBRARY_SEARCH_PATHS = (
					"$(inherited)",
					"\"$(SRCROOT)/Huixiang\"",
				);
				PRODUCT_NAME = "茴香";
				PROVISIONING_PROFILE = "C6E64E8E-2AFA-4331-9F83-25C87D437120";
				"PROVISIONING_PROFILE[sdk=iphoneos*]" = "C6E64E8E-2AFA-4331-9F83-25C87D437120";
				WRAPPER_EXTENSION = app;
			};
			name = Release;
		};
/* End XCBuildConfiguration section */

/* Begin XCConfigurationList section */
		FAE9B0C117698F92007BC364 /* Build configuration list for PBXProject "Huixiang" */ = {
			isa = XCConfigurationList;
			buildConfigurations = (
				FAE9B0E717698F92007BC364 /* Debug */,
				FAE9B0E817698F92007BC364 /* Release */,
			);
			defaultConfigurationIsVisible = 0;
			defaultConfigurationName = Release;
		};
		FAE9B0E917698F92007BC364 /* Build configuration list for PBXNativeTarget "Huixiang" */ = {
			isa = XCConfigurationList;
			buildConfigurations = (
				FAE9B0EA17698F92007BC364 /* Debug */,
				FAE9B0EB17698F92007BC364 /* Release */,
			);
			defaultConfigurationIsVisible = 0;
			defaultConfigurationName = Release;
		};
/* End XCConfigurationList section */
	};
	rootObject = FAE9B0BE17698F92007BC364 /* Project object */;
}
